{
  "name": "esafe-password_extension",
  "lockfileVersion": 2,
  "requires": true,
  "packages": {
    "": {
      "dependencies": {
        "indexeddb-export-import": "^2.1.5"
      }
    },
    "node_modules/indexeddb-export-import": {
      "version": "2.1.5",
      "resolved": "https://registry.npmjs.org/indexeddb-export-import/-/indexeddb-export-import-2.1.5.tgz",
      "integrity": "sha512-gS6gVzFTDuT+r7KyZ3yrzflC8HfktezxAGyImCpICGX5WemMhBLnGaZMkZ0KYj+9hwVAM3dmXMTYy/NvtKAFlQ==",
      "engines": {
        "node": ">=12"
      }
    }
  },
  "dependencies": {
    "indexeddb-export-import": {
      "version": "2.1.5",
      "resolved": "https://registry.npmjs.org/indexeddb-export-import/-/indexeddb-export-import-2.1.5.tgz",
      "integrity": "sha512-gS6gVzFTDuT+r7KyZ3yrzflC8HfktezxAGyImCpICGX5WemMhBLnGaZMkZ0KYj+9hwVAM3dmXMTYy/NvtKAFlQ=="
    }
  }
}
